
Microsoft Visual Studio Solution File, Format Version 12.00
# Visual Studio Version 16
VisualStudioVersion = 16.0.29411.108
MinimumVisualStudioVersion = 10.0.40219.1
Project("{FAE04EC0-301F-11D3-BF4B-00C04F79EFBC}") = "IT18540536-api", "IT18540536-api\IT18540536-api.csproj", "{50E66705-FDA4-4E21-A794-3E0CAFC07988}"
EndProject
Global
	GlobalSection(SolutionConfigurationPlatforms) = preSolution
		Debug|Any CPU = Debug|Any CPU
		Release|Any CPU = Release|Any CPU
	EndGlobalSection
	GlobalSection(ProjectConfigurationPlatforms) = postSolution
		{50E66705-FDA4-4E21-A794-3E0CAFC07988}.Debug|Any CPU.ActiveCfg = Debug|Any CPU
		{50E66705-FDA4-4E21-A794-3E0CAFC07988}.Debug|Any CPU.Build.0 = Debug|Any CPU
		{50E66705-FDA4-4E21-A794-3E0CAFC07988}.Release|Any CPU.ActiveCfg = Release|Any CPU
		{50E66705-FDA4-4E21-A794-3E0CAFC07988}.Release|Any CPU.Build.0 = Release|Any CPU
	EndGlobalSection
	GlobalSection(SolutionProperties) = preSolution
		HideSolutionNode = FALSE
	EndGlobalSection
	GlobalSection(ExtensibilityGlobals) = postSolution
		SolutionGuid = {8852AD03-63B8-49D6-8DE7-CB5E9B431CB0}
	EndGlobalSection
EndGlobal
